
Microsoft Visual Studio Solution File, Format Version 12.00
# Visual Studio Version 17
VisualStudioVersion = 17.6.33829.357
MinimumVisualStudioVersion = 10.0.40219.1
Project("{FAE04EC0-301F-11D3-BF4B-00C04F79EFBC}") = "todolist", "todolist\todolist.csproj", "{2CC58D42-0670-4404-8FB3-11D7EC20B004}"
EndProject
Global
	GlobalSection(SolutionConfigurationPlatforms) = preSolution
		Debug|Any CPU = Debug|Any CPU
		Release|Any CPU = Release|Any CPU
	EndGlobalSection
	GlobalSection(ProjectConfigurationPlatforms) = postSolution
		{2CC58D42-0670-4404-8FB3-11D7EC20B004}.Debug|Any CPU.ActiveCfg = Debug|Any CPU
		{2CC58D42-0670-4404-8FB3-11D7EC20B004}.Debug|Any CPU.Build.0 = Debug|Any CPU
		{2CC58D42-0670-4404-8FB3-11D7EC20B004}.Release|Any CPU.ActiveCfg = Release|Any CPU
		{2CC58D42-0670-4404-8FB3-11D7EC20B004}.Release|Any CPU.Build.0 = Release|Any CPU
	EndGlobalSection
	GlobalSection(SolutionProperties) = preSolution
		HideSolutionNode = FALSE
	EndGlobalSection
	GlobalSection(ExtensibilityGlobals) = postSolution
		SolutionGuid = {AEEFBD83-6C9E-4A06-91B2-17C9F33E7CDF}
	EndGlobalSection
EndGlobal
